// !$*UTF8*$!
{
	archiveVersion = 1;
	classes = {
	};
	objectVersion = 55;
	objects = {

/* Begin PBXBuildFile section */
		4D62C6CF27C4067E001D8C37 /* VIPERViewController.swift in Sources */ = {isa = PBXBuildFile; fileRef = 4D62C6CE27C4067E001D8C37 /* VIPERViewController.swift */; };
		4D62C6D127C4068D001D8C37 /* VIPERInteractor.swift in Sources */ = {isa = PBXBuildFile; fileRef = 4D62C6D027C4068D001D8C37 /* VIPERInteractor.swift */; };
		4D62C6D327C406A1001D8C37 /* VIPERPresenter.swift in Sources */ = {isa = PBXBuildFile; fileRef = 4D62C6D227C406A1001D8C37 /* VIPERPresenter.swift */; };
		4D62C6D527C406B1001D8C37 /* VIPERRouter.swift in Sources */ = {isa = PBXBuildFile; fileRef = 4D62C6D427C406B1001D8C37 /* VIPERRouter.swift */; };
		4D62C6DC27C41220001D8C37 /* VIPERAssembly.swift in Sources */ = {isa = PBXBuildFile; fileRef = 4D62C6DB27C41220001D8C37 /* VIPERAssembly.swift */; };
		4D62C6E327C4205C001D8C37 /* MVVMViewModel.swift in Sources */ = {isa = PBXBuildFile; fileRef = 4D62C6E227C4205C001D8C37 /* MVVMViewModel.swift */; };
		4D62C6E527C420A1001D8C37 /* MVVMViewController.swift in Sources */ = {isa = PBXBuildFile; fileRef = 4D62C6E427C420A1001D8C37 /* MVVMViewController.swift */; };
		4D62C6E727C429BF001D8C37 /* MVVMAssembly.swift in Sources */ = {isa = PBXBuildFile; fileRef = 4D62C6E627C429BF001D8C37 /* MVVMAssembly.swift */; };
		4D975B1E27BBB16A0032AAD3 /* AppDelegate.swift in Sources */ = {isa = PBXBuildFile; fileRef = 4D975B1D27BBB16A0032AAD3 /* AppDelegate.swift */; };
		4D975B2027BBB16A0032AAD3 /* SceneDelegate.swift in Sources */ = {isa = PBXBuildFile; fileRef = 4D975B1F27BBB16A0032AAD3 /* SceneDelegate.swift */; };
		4D975B2227BBB16A0032AAD3 /* ViewController.swift in Sources */ = {isa = PBXBuildFile; fileRef = 4D975B2127BBB16A0032AAD3 /* ViewController.swift */; };
		4D975B2527BBB16A0032AAD3 /* Main.storyboard in Resources */ = {isa = PBXBuildFile; fileRef = 4D975B2327BBB16A0032AAD3 /* Main.storyboard */; };
		4D975B2727BBB16D0032AAD3 /* Assets.xcassets in Resources */ = {isa = PBXBuildFile; fileRef = 4D975B2627BBB16D0032AAD3 /* Assets.xcassets */; };
		4D975B2A27BBB16D0032AAD3 /* LaunchScreen.storyboard in Resources */ = {isa = PBXBuildFile; fileRef = 4D975B2827BBB16D0032AAD3 /* LaunchScreen.storyboard */; };
		4D975B3627BBE3C10032AAD3 /* MVPViewController.swift in Sources */ = {isa = PBXBuildFile; fileRef = 4D975B3527BBE3C10032AAD3 /* MVPViewController.swift */; };
		4D975B3827BBE3EA0032AAD3 /* MVPPresenter.swift in Sources */ = {isa = PBXBuildFile; fileRef = 4D975B3727BBE3EA0032AAD3 /* MVPPresenter.swift */; };
		4D975B3A27BBE3F80032AAD3 /* MVPModel.swift in Sources */ = {isa = PBXBuildFile; fileRef = 4D975B3927BBE3F80032AAD3 /* MVPModel.swift */; };
		4D975B3C27BBE40B0032AAD3 /* DataManager.swift in Sources */ = {isa = PBXBuildFile; fileRef = 4D975B3B27BBE40B0032AAD3 /* DataManager.swift */; };
		4D975B3E27BBE4570032AAD3 /* MVPAssembly.swift in Sources */ = {isa = PBXBuildFile; fileRef = 4D975B3D27BBE4570032AAD3 /* MVPAssembly.swift */; };
/* End PBXBuildFile section */

/* Begin PBXFileReference section */
		4D62C6CD27C405BF001D8C37 /* MVP.md */ = {isa = PBXFileReference; lastKnownFileType = net.daringfireball.markdown; path = MVP.md; sourceTree = "<group>"; };
		4D62C6CE27C4067E001D8C37 /* VIPERViewController.swift */ = {isa = PBXFileReference; lastKnownFileType = sourcecode.swift; path = VIPERViewController.swift; sourceTree = "<group>"; };
		4D62C6D027C4068D001D8C37 /* VIPERInteractor.swift */ = {isa = PBXFileReference; lastKnownFileType = sourcecode.swift; path = VIPERInteractor.swift; sourceTree = "<group>"; };
		4D62C6D227C406A1001D8C37 /* VIPERPresenter.swift */ = {isa = PBXFileReference; lastKnownFileType = sourcecode.swift; path = VIPERPresenter.swift; sourceTree = "<group>"; };
		4D62C6D427C406B1001D8C37 /* VIPERRouter.swift */ = {isa = PBXFileReference; lastKnownFileType = sourcecode.swift; path = VIPERRouter.swift; sourceTree = "<group>"; };
		4D62C6DB27C41220001D8C37 /* VIPERAssembly.swift */ = {isa = PBXFileReference; lastKnownFileType = sourcecode.swift; path = VIPERAssembly.swift; sourceTree = "<group>"; };
		4D62C6DD27C41A88001D8C37 /* VIPER.md */ = {isa = PBXFileReference; lastKnownFileType = net.daringfireball.markdown; path = VIPER.md; sourceTree = "<group>"; };
		4D62C6E227C4205C001D8C37 /* MVVMViewModel.swift */ = {isa = PBXFileReference; lastKnownFileType = sourcecode.swift; path = MVVMViewModel.swift; sourceTree = "<group>"; };
		4D62C6E427C420A1001D8C37 /* MVVMViewController.swift */ = {isa = PBXFileReference; lastKnownFileType = sourcecode.swift; path = MVVMViewController.swift; sourceTree = "<group>"; };
		4D62C6E627C429BF001D8C37 /* MVVMAssembly.swift */ = {isa = PBXFileReference; lastKnownFileType = sourcecode.swift; path = MVVMAssembly.swift; sourceTree = "<group>"; };
		4D975B1A27BBB16A0032AAD3 /* Archetecture.app */ = {isa = PBXFileReference; explicitFileType = wrapper.application; includeInIndex = 0; path = Archetecture.app; sourceTree = BUILT_PRODUCTS_DIR; };
		4D975B1D27BBB16A0032AAD3 /* AppDelegate.swift */ = {isa = PBXFileReference; lastKnownFileType = sourcecode.swift; path = AppDelegate.swift; sourceTree = "<group>"; };
		4D975B1F27BBB16A0032AAD3 /* SceneDelegate.swift */ = {isa = PBXFileReference; lastKnownFileType = sourcecode.swift; path = SceneDelegate.swift; sourceTree = "<group>"; };
		4D975B2127BBB16A0032AAD3 /* ViewController.swift */ = {isa = PBXFileReference; lastKnownFileType = sourcecode.swift; path = ViewController.swift; sourceTree = "<group>"; };
		4D975B2427BBB16A0032AAD3 /* Base */ = {isa = PBXFileReference; lastKnownFileType = file.storyboard; name = Base; path = Base.lproj/Main.storyboard; sourceTree = "<group>"; };
		4D975B2627BBB16D0032AAD3 /* Assets.xcassets */ = {isa = PBXFileReference; lastKnownFileType = folder.assetcatalog; path = Assets.xcassets; sourceTree = "<group>"; };
		4D975B2927BBB16D0032AAD3 /* Base */ = {isa = PBXFileReference; lastKnownFileType = file.storyboard; name = Base; path = Base.lproj/LaunchScreen.storyboard; sourceTree = "<group>"; };
		4D975B2B27BBB16D0032AAD3 /* Info.plist */ = {isa = PBXFileReference; lastKnownFileType = text.plist.xml; path = Info.plist; sourceTree = "<group>"; };
		4D975B3527BBE3C10032AAD3 /* MVPViewController.swift */ = {isa = PBXFileReference; lastKnownFileType = sourcecode.swift; path = MVPViewController.swift; sourceTree = "<group>"; };
		4D975B3727BBE3EA0032AAD3 /* MVPPresenter.swift */ = {isa = PBXFileReference; lastKnownFileType = sourcecode.swift; path = MVPPresenter.swift; sourceTree = "<group>"; };
		4D975B3927BBE3F80032AAD3 /* MVPModel.swift */ = {isa = PBXFileReference; lastKnownFileType = sourcecode.swift; path = MVPModel.swift; sourceTree = "<group>"; };
		4D975B3B27BBE40B0032AAD3 /* DataManager.swift */ = {isa = PBXFileReference; lastKnownFileType = sourcecode.swift; path = DataManager.swift; sourceTree = "<group>"; };
		4D975B3D27BBE4570032AAD3 /* MVPAssembly.swift */ = {isa = PBXFileReference; lastKnownFileType = sourcecode.swift; path = MVPAssembly.swift; sourceTree = "<group>"; };
/* End PBXFileReference section */

/* Begin PBXFrameworksBuildPhase section */
		4D975B1727BBB16A0032AAD3 /* Frameworks */ = {
			isa = PBXFrameworksBuildPhase;
			buildActionMask = 2147483647;
			files = (
			);
			runOnlyForDeploymentPostprocessing = 0;
		};
/* End PBXFrameworksBuildPhase section */

/* Begin PBXGroup section */
		4D62C6CA27C40401001D8C37 /* Model */ = {
			isa = PBXGroup;
			children = (
				4D975B3927BBE3F80032AAD3 /* MVPModel.swift */,
			);
			path = Model;
			sourceTree = "<group>";
		};
		4D62C6CB27C40407001D8C37 /* View */ = {
			isa = PBXGroup;
			children = (
				4D975B3527BBE3C10032AAD3 /* MVPViewController.swift */,
			);
			path = View;
			sourceTree = "<group>";
		};
		4D62C6CC27C4040E001D8C37 /* Presenter */ = {
			isa = PBXGroup;
			children = (
				4D975B3727BBE3EA0032AAD3 /* MVPPresenter.swift */,
			);
			path = Presenter;
			sourceTree = "<group>";
		};
		4D62C6D627C406B5001D8C37 /* View */ = {
			isa = PBXGroup;
			children = (
				4D62C6CE27C4067E001D8C37 /* VIPERViewController.swift */,
			);
			path = View;
			sourceTree = "<group>";
		};
		4D62C6D727C406BA001D8C37 /* Interactor */ = {
			isa = PBXGroup;
			children = (
				4D62C6D027C4068D001D8C37 /* VIPERInteractor.swift */,
			);
			path = Interactor;
			sourceTree = "<group>";
		};
		4D62C6D827C406C8001D8C37 /* Presenter */ = {
			isa = PBXGroup;
			children = (
				4D62C6D227C406A1001D8C37 /* VIPERPresenter.swift */,
			);
			path = Presenter;
			sourceTree = "<group>";
		};
		4D62C6D927C406D3001D8C37 /* Entity */ = {
			isa = PBXGroup;
			children = (
			);
			path = Entity;
			sourceTree = "<group>";
		};
		4D62C6DA27C406E4001D8C37 /* Router */ = {
			isa = PBXGroup;
			children = (
				4D62C6D427C406B1001D8C37 /* VIPERRouter.swift */,
			);
			path = Router;
			sourceTree = "<group>";
		};
		4D62C6DE27C41DA4001D8C37 /* MVVM */ = {
			isa = PBXGroup;
			children = (
				4D62C6E127C41DE1001D8C37 /* ViewModel */,
				4D62C6E027C41DD9001D8C37 /* Model */,
				4D62C6DF27C41DCF001D8C37 /* View */,
				4D62C6E627C429BF001D8C37 /* MVVMAssembly.swift */,
			);
			path = MVVM;
			sourceTree = "<group>";
		};
		4D62C6DF27C41DCF001D8C37 /* View */ = {
			isa = PBXGroup;
			children = (
				4D62C6E427C420A1001D8C37 /* MVVMViewController.swift */,
			);
			path = View;
			sourceTree = "<group>";
		};
		4D62C6E027C41DD9001D8C37 /* Model */ = {
			isa = PBXGroup;
			children = (
			);
			path = Model;
			sourceTree = "<group>";
		};
		4D62C6E127C41DE1001D8C37 /* ViewModel */ = {
			isa = PBXGroup;
			children = (
				4D62C6E227C4205C001D8C37 /* MVVMViewModel.swift */,
			);
			path = ViewModel;
			sourceTree = "<group>";
		};
		4D975B1127BBB16A0032AAD3 = {
			isa = PBXGroup;
			children = (
				4D975B1C27BBB16A0032AAD3 /* Archetecture */,
				4D975B1B27BBB16A0032AAD3 /* Products */,
			);
			sourceTree = "<group>";
		};
		4D975B1B27BBB16A0032AAD3 /* Products */ = {
			isa = PBXGroup;
			children = (
				4D975B1A27BBB16A0032AAD3 /* Archetecture.app */,
			);
			name = Products;
			sourceTree = "<group>";
		};
		4D975B1C27BBB16A0032AAD3 /* Archetecture */ = {
			isa = PBXGroup;
			children = (
				4D975B3B27BBE40B0032AAD3 /* DataManager.swift */,
				4D62C6DE27C41DA4001D8C37 /* MVVM */,
				4D975B3327BBB1D40032AAD3 /* VIPER */,
				4D975B3127BBB1C90032AAD3 /* MVP */,
				4D975B1D27BBB16A0032AAD3 /* AppDelegate.swift */,
				4D975B1F27BBB16A0032AAD3 /* SceneDelegate.swift */,
				4D975B2127BBB16A0032AAD3 /* ViewController.swift */,
				4D975B2327BBB16A0032AAD3 /* Main.storyboard */,
				4D975B2627BBB16D0032AAD3 /* Assets.xcassets */,
				4D975B2827BBB16D0032AAD3 /* LaunchScreen.storyboard */,
				4D975B2B27BBB16D0032AAD3 /* Info.plist */,
			);
			path = Archetecture;
			sourceTree = "<group>";
		};
		4D975B3127BBB1C90032AAD3 /* MVP */ = {
			isa = PBXGroup;
			children = (
				4D62C6CC27C4040E001D8C37 /* Presenter */,
				4D62C6CB27C40407001D8C37 /* View */,
				4D62C6CA27C40401001D8C37 /* Model */,
				4D975B3D27BBE4570032AAD3 /* MVPAssembly.swift */,
				4D62C6CD27C405BF001D8C37 /* MVP.md */,
			);
			path = MVP;
			sourceTree = "<group>";
		};
		4D975B3327BBB1D40032AAD3 /* VIPER */ = {
			isa = PBXGroup;
			children = (
				4D62C6DA27C406E4001D8C37 /* Router */,
				4D62C6D927C406D3001D8C37 /* Entity */,
				4D62C6D827C406C8001D8C37 /* Presenter */,
				4D62C6D727C406BA001D8C37 /* Interactor */,
				4D62C6D627C406B5001D8C37 /* View */,
				4D62C6DB27C41220001D8C37 /* VIPERAssembly.swift */,
				4D62C6DD27C41A88001D8C37 /* VIPER.md */,
			);
			path = VIPER;
			sourceTree = "<group>";
		};
/* End PBXGroup section */

/* Begin PBXNativeTarget section */
		4D975B1927BBB16A0032AAD3 /* Archetecture */ = {
			isa = PBXNativeTarget;
			buildConfigurationList = 4D975B2E27BBB16D0032AAD3 /* Build configuration list for PBXNativeTarget "Archetecture" */;
			buildPhases = (
				4D975B1627BBB16A0032AAD3 /* Sources */,
				4D975B1727BBB16A0032AAD3 /* Frameworks */,
				4D975B1827BBB16A0032AAD3 /* Resources */,
			);
			buildRules = (
			);
			dependencies = (
			);
			name = Archetecture;
			productName = Archetecture;
			productReference = 4D975B1A27BBB16A0032AAD3 /* Archetecture.app */;
			productType = "com.apple.product-type.application";
		};
/* End PBXNativeTarget section */

/* Begin PBXProject section */
		4D975B1227BBB16A0032AAD3 /* Project object */ = {
			isa = PBXProject;
			attributes = {
				BuildIndependentTargetsInParallel = 1;
				LastSwiftUpdateCheck = 1320;
				LastUpgradeCheck = 1320;
				TargetAttributes = {
					4D975B1927BBB16A0032AAD3 = {
						CreatedOnToolsVersion = 13.2.1;
					};
				};
			};
			buildConfigurationList = 4D975B1527BBB16A0032AAD3 /* Build configuration list for PBXProject "Archetecture" */;
			compatibilityVersion = "Xcode 13.0";
			developmentRegion = en;
			hasScannedForEncodings = 0;
			knownRegions = (
				en,
				Base,
			);
			mainGroup = 4D975B1127BBB16A0032AAD3;
			productRefGroup = 4D975B1B27BBB16A0032AAD3 /* Products */;
			projectDirPath = "";
			projectRoot = "";
			targets = (
				4D975B1927BBB16A0032AAD3 /* Archetecture */,
			);
		};
/* End PBXProject section */

/* Begin PBXResourcesBuildPhase section */
		4D975B1827BBB16A0032AAD3 /* Resources */ = {
			isa = PBXResourcesBuildPhase;
			buildActionMask = 2147483647;
			files = (
				4D975B2A27BBB16D0032AAD3 /* LaunchScreen.storyboard in Resources */,
				4D975B2727BBB16D0032AAD3 /* Assets.xcassets in Resources */,
				4D975B2527BBB16A0032AAD3 /* Main.storyboard in Resources */,
			);
			runOnlyForDeploymentPostprocessing = 0;
		};
/* End PBXResourcesBuildPhase section */

/* Begin PBXSourcesBuildPhase section */
		4D975B1627BBB16A0032AAD3 /* Sources */ = {
			isa = PBXSourcesBuildPhase;
			buildActionMask = 2147483647;
			files = (
				4D62C6CF27C4067E001D8C37 /* VIPERViewController.swift in Sources */,
				4D62C6D327C406A1001D8C37 /* VIPERPresenter.swift in Sources */,
				4D975B3827BBE3EA0032AAD3 /* MVPPresenter.swift in Sources */,
				4D62C6E727C429BF001D8C37 /* MVVMAssembly.swift in Sources */,
				4D975B3A27BBE3F80032AAD3 /* MVPModel.swift in Sources */,
				4D975B3627BBE3C10032AAD3 /* MVPViewController.swift in Sources */,
				4D975B3E27BBE4570032AAD3 /* MVPAssembly.swift in Sources */,
				4D62C6E327C4205C001D8C37 /* MVVMViewModel.swift in Sources */,
				4D975B3C27BBE40B0032AAD3 /* DataManager.swift in Sources */,
				4D975B2227BBB16A0032AAD3 /* ViewController.swift in Sources */,
				4D975B1E27BBB16A0032AAD3 /* AppDelegate.swift in Sources */,
				4D975B2027BBB16A0032AAD3 /* SceneDelegate.swift in Sources */,
				4D62C6E527C420A1001D8C37 /* MVVMViewController.swift in Sources */,
				4D62C6D127C4068D001D8C37 /* VIPERInteractor.swift in Sources */,
				4D62C6D527C406B1001D8C37 /* VIPERRouter.swift in Sources */,
				4D62C6DC27C41220001D8C37 /* VIPERAssembly.swift in Sources */,
			);
			runOnlyForDeploymentPostprocessing = 0;
		};
/* End PBXSourcesBuildPhase section */

/* Begin PBXVariantGroup section */
		4D975B2327BBB16A0032AAD3 /* Main.storyboard */ = {
			isa = PBXVariantGroup;
			children = (
				4D975B2427BBB16A0032AAD3 /* Base */,
			);
			name = Main.storyboard;
			sourceTree = "<group>";
		};
		4D975B2827BBB16D0032AAD3 /* LaunchScreen.storyboard */ = {
			isa = PBXVariantGroup;
			children = (
				4D975B2927BBB16D0032AAD3 /* Base */,
			);
			name = LaunchScreen.storyboard;
			sourceTree = "<group>";
		};
/* End PBXVariantGroup section */

/* Begin XCBuildConfiguration section */
		4D975B2C27BBB16D0032AAD3 /* Debug */ = {
			isa = XCBuildConfiguration;
			buildSettings = {
				ALWAYS_SEARCH_USER_PATHS = NO;
				CLANG_ANALYZER_NONNULL = YES;
				CLANG_ANALYZER_NUMBER_OBJECT_CONVERSION = YES_AGGRESSIVE;
				CLANG_CXX_LANGUAGE_STANDARD = "gnu++17";
				CLANG_CXX_LIBRARY = "libc++";
				CLANG_ENABLE_MODULES = YES;
				CLANG_ENABLE_OBJC_ARC = YES;
				CLANG_ENABLE_OBJC_WEAK = YES;
				CLANG_WARN_BLOCK_CAPTURE_AUTORELEASING = YES;
				CLANG_WARN_BOOL_CONVERSION = YES;
				CLANG_WARN_COMMA = YES;
				CLANG_WARN_CONSTANT_CONVERSION = YES;
				CLANG_WARN_DEPRECATED_OBJC_IMPLEMENTATIONS = YES;
				CLANG_WARN_DIRECT_OBJC_ISA_USAGE = YES_ERROR;
				CLANG_WARN_DOCUMENTATION_COMMENTS = YES;
				CLANG_WARN_EMPTY_BODY = YES;
				CLANG_WARN_ENUM_CONVERSION = YES;
				CLANG_WARN_INFINITE_RECURSION = YES;
				CLANG_WARN_INT_CONVERSION = YES;
				CLANG_WARN_NON_LITERAL_NULL_CONVERSION = YES;
				CLANG_WARN_OBJC_IMPLICIT_RETAIN_SELF = YES;
				CLANG_WARN_OBJC_LITERAL_CONVERSION = YES;
				CLANG_WARN_OBJC_ROOT_CLASS = YES_ERROR;
				CLANG_WARN_QUOTED_INCLUDE_IN_FRAMEWORK_HEADER = YES;
				CLANG_WARN_RANGE_LOOP_ANALYSIS = YES;
				CLANG_WARN_STRICT_PROTOTYPES = YES;
				CLANG_WARN_SUSPICIOUS_MOVE = YES;
				CLANG_WARN_UNGUARDED_AVAILABILITY = YES_AGGRESSIVE;
				CLANG_WARN_UNREACHABLE_CODE = YES;
				CLANG_WARN__DUPLICATE_METHOD_MATCH = YES;
				COPY_PHASE_STRIP = NO;
				DEBUG_INFORMATION_FORMAT = dwarf;
				ENABLE_STRICT_OBJC_MSGSEND = YES;
				ENABLE_TESTABILITY = YES;
				GCC_C_LANGUAGE_STANDARD = gnu11;
				GCC_DYNAMIC_NO_PIC = NO;
				GCC_NO_COMMON_BLOCKS = YES;
				GCC_OPTIMIZATION_LEVEL = 0;
				GCC_PREPROCESSOR_DEFINITIONS = (
					"DEBUG=1",
					"$(inherited)",
				);
				GCC_WARN_64_TO_32_BIT_CONVERSION = YES;
				GCC_WARN_ABOUT_RETURN_TYPE = YES_ERROR;
				GCC_WARN_UNDECLARED_SELECTOR = YES;
				GCC_WARN_UNINITIALIZED_AUTOS = YES_AGGRESSIVE;
				GCC_WARN_UNUSED_FUNCTION = YES;
				GCC_WARN_UNUSED_VARIABLE = YES;
				IPHONEOS_DEPLOYMENT_TARGET = 15.2;
				MTL_ENABLE_DEBUG_INFO = INCLUDE_SOURCE;
				MTL_FAST_MATH = YES;
				ONLY_ACTIVE_ARCH = YES;
				SDKROOT = iphoneos;
				SWIFT_ACTIVE_COMPILATION_CONDITIONS = DEBUG;
				SWIFT_OPTIMIZATION_LEVEL = "-Onone";
			};
			name = Debug;
		};
		4D975B2D27BBB16D0032AAD3 /* Release */ = {
			isa = XCBuildConfiguration;
			buildSettings = {
				ALWAYS_SEARCH_USER_PATHS = NO;
				CLANG_ANALYZER_NONNULL = YES;
				CLANG_ANALYZER_NUMBER_OBJECT_CONVERSION = YES_AGGRESSIVE;
				CLANG_CXX_LANGUAGE_STANDARD = "gnu++17";
				CLANG_CXX_LIBRARY = "libc++";
				CLANG_ENABLE_MODULES = YES;
				CLANG_ENABLE_OBJC_ARC = YES;
				CLANG_ENABLE_OBJC_WEAK = YES;
				CLANG_WARN_BLOCK_CAPTURE_AUTORELEASING = YES;
				CLANG_WARN_BOOL_CONVERSION = YES;
				CLANG_WARN_COMMA = YES;
				CLANG_WARN_CONSTANT_CONVERSION = YES;
				CLANG_WARN_DEPRECATED_OBJC_IMPLEMENTATIONS = YES;
				CLANG_WARN_DIRECT_OBJC_ISA_USAGE = YES_ERROR;
				CLANG_WARN_DOCUMENTATION_COMMENTS = YES;
				CLANG_WARN_EMPTY_BODY = YES;
				CLANG_WARN_ENUM_CONVERSION = YES;
				CLANG_WARN_INFINITE_RECURSION = YES;
				CLANG_WARN_INT_CONVERSION = YES;
				CLANG_WARN_NON_LITERAL_NULL_CONVERSION = YES;
				CLANG_WARN_OBJC_IMPLICIT_RETAIN_SELF = YES;
				CLANG_WARN_OBJC_LITERAL_CONVERSION = YES;
				CLANG_WARN_OBJC_ROOT_CLASS = YES_ERROR;
				CLANG_WARN_QUOTED_INCLUDE_IN_FRAMEWORK_HEADER = YES;
				CLANG_WARN_RANGE_LOOP_ANALYSIS = YES;
				CLANG_WARN_STRICT_PROTOTYPES = YES;
				CLANG_WARN_SUSPICIOUS_MOVE = YES;
				CLANG_WARN_UNGUARDED_AVAILABILITY = YES_AGGRESSIVE;
				CLANG_WARN_UNREACHABLE_CODE = YES;
				CLANG_WARN__DUPLICATE_METHOD_MATCH = YES;
				COPY_PHASE_STRIP = NO;
				DEBUG_INFORMATION_FORMAT = "dwarf-with-dsym";
				ENABLE_NS_ASSERTIONS = NO;
				ENABLE_STRICT_OBJC_MSGSEND = YES;
				GCC_C_LANGUAGE_STANDARD = gnu11;
				GCC_NO_COMMON_BLOCKS = YES;
				GCC_WARN_64_TO_32_BIT_CONVERSION = YES;
				GCC_WARN_ABOUT_RETURN_TYPE = YES_ERROR;
				GCC_WARN_UNDECLARED_SELECTOR = YES;
				GCC_WARN_UNINITIALIZED_AUTOS = YES_AGGRESSIVE;
				GCC_WARN_UNUSED_FUNCTION = YES;
				GCC_WARN_UNUSED_VARIABLE = YES;
				IPHONEOS_DEPLOYMENT_TARGET = 15.2;
				MTL_ENABLE_DEBUG_INFO = NO;
				MTL_FAST_MATH = YES;
				SDKROOT = iphoneos;
				SWIFT_COMPILATION_MODE = wholemodule;
				SWIFT_OPTIMIZATION_LEVEL = "-O";
				VALIDATE_PRODUCT = YES;
			};
			name = Release;
		};
		4D975B2F27BBB16D0032AAD3 /* Debug */ = {
			isa = XCBuildConfiguration;
			buildSettings = {
				ASSETCATALOG_COMPILER_APPICON_NAME = AppIcon;
				ASSETCATALOG_COMPILER_GLOBAL_ACCENT_COLOR_NAME = AccentColor;
				CODE_SIGN_STYLE = Automatic;
				CURRENT_PROJECT_VERSION = 1;
				DEVELOPMENT_TEAM = 939KD425D9;
				GENERATE_INFOPLIST_FILE = YES;
				INFOPLIST_FILE = Archetecture/Info.plist;
				INFOPLIST_KEY_UIApplicationSupportsIndirectInputEvents = YES;
				INFOPLIST_KEY_UILaunchStoryboardName = LaunchScreen;
				INFOPLIST_KEY_UISupportedInterfaceOrientations_iPad = "UIInterfaceOrientationPortrait UIInterfaceOrientationPortraitUpsideDown UIInterfaceOrientationLandscapeLeft UIInterfaceOrientationLandscapeRight";
				INFOPLIST_KEY_UISupportedInterfaceOrientations_iPhone = "UIInterfaceOrientationPortrait UIInterfaceOrientationLandscapeLeft UIInterfaceOrientationLandscapeRight";
				LD_RUNPATH_SEARCH_PATHS = (
					"$(inherited)",
					"@executable_path/Frameworks",
				);
				MARKETING_VERSION = 1.0;
				PRODUCT_BUNDLE_IDENTIFIER = com.itis.ex.Archetecture;
				PRODUCT_NAME = "$(TARGET_NAME)";
				SWIFT_EMIT_LOC_STRINGS = YES;
				SWIFT_VERSION = 5.0;
				TARGETED_DEVICE_FAMILY = "1,2";
			};
			name = Debug;
		};
		4D975B3027BBB16D0032AAD3 /* Release */ = {
			isa = XCBuildConfiguration;
			buildSettings = {
				ASSETCATALOG_COMPILER_APPICON_NAME = AppIcon;
				ASSETCATALOG_COMPILER_GLOBAL_ACCENT_COLOR_NAME = AccentColor;
				CODE_SIGN_STYLE = Automatic;
				CURRENT_PROJECT_VERSION = 1;
				DEVELOPMENT_TEAM = 939KD425D9;
				GENERATE_INFOPLIST_FILE = YES;
				INFOPLIST_FILE = Archetecture/Info.plist;
				INFOPLIST_KEY_UIApplicationSupportsIndirectInputEvents = YES;
				INFOPLIST_KEY_UILaunchStoryboardName = LaunchScreen;
				INFOPLIST_KEY_UISupportedInterfaceOrientations_iPad = "UIInterfaceOrientationPortrait UIInterfaceOrientationPortraitUpsideDown UIInterfaceOrientationLandscapeLeft UIInterfaceOrientationLandscapeRight";
				INFOPLIST_KEY_UISupportedInterfaceOrientations_iPhone = "UIInterfaceOrientationPortrait UIInterfaceOrientationLandscapeLeft UIInterfaceOrientationLandscapeRight";
				LD_RUNPATH_SEARCH_PATHS = (
					"$(inherited)",
					"@executable_path/Frameworks",
				);
				MARKETING_VERSION = 1.0;
				PRODUCT_BUNDLE_IDENTIFIER = com.itis.ex.Archetecture;
				PRODUCT_NAME = "$(TARGET_NAME)";
				SWIFT_EMIT_LOC_STRINGS = YES;
				SWIFT_VERSION = 5.0;
				TARGETED_DEVICE_FAMILY = "1,2";
			};
			name = Release;
		};
/* End XCBuildConfiguration section */

/* Begin XCConfigurationList section */
		4D975B1527BBB16A0032AAD3 /* Build configuration list for PBXProject "Archetecture" */ = {
			isa = XCConfigurationList;
			buildConfigurations = (
				4D975B2C27BBB16D0032AAD3 /* Debug */,
				4D975B2D27BBB16D0032AAD3 /* Release */,
			);
			defaultConfigurationIsVisible = 0;
			defaultConfigurationName = Release;
		};
		4D975B2E27BBB16D0032AAD3 /* Build configuration list for PBXNativeTarget "Archetecture" */ = {
			isa = XCConfigurationList;
			buildConfigurations = (
				4D975B2F27BBB16D0032AAD3 /* Debug */,
				4D975B3027BBB16D0032AAD3 /* Release */,
			);
			defaultConfigurationIsVisible = 0;
			defaultConfigurationName = Release;
		};
/* End XCConfigurationList section */
	};
	rootObject = 4D975B1227BBB16A0032AAD3 /* Project object */;
}
